
Microsoft Visual Studio Solution File, Format Version 12.00
# Visual Studio 14
VisualStudioVersion = 14.0.25420.1
MinimumVisualStudioVersion = 10.0.40219.1
Project("{FAE04EC0-301F-11D3-BF4B-00C04F79EFBC}") = "CryptoPalChallenges", "CryptoPalChallenges\CryptoPalChallenges.csproj", "{07229564-C582-4D3A-B07F-767693D1C33E}"
EndProject
Project("{FAE04EC0-301F-11D3-BF4B-00C04F79EFBC}") = "UnitTests", "UnitTests\UnitTests.csproj", "{0C261737-B192-4385-BF60-F6B334167B81}"
EndProject
Project("{FAE04EC0-301F-11D3-BF4B-00C04F79EFBC}") = "Shell", "Shell\Shell.csproj", "{33B21BE6-4CC4-463C-8A35-897550B9EFFB}"
EndProject
Project("{FAE04EC0-301F-11D3-BF4B-00C04F79EFBC}") = "Cipher", "Cipher\Cipher.csproj", "{9F1FDE29-53E5-4B84-8A11-CB8078AF6442}"
EndProject
Global
	GlobalSection(SolutionConfigurationPlatforms) = preSolution
		Debug|Any CPU = Debug|Any CPU
		Debug|ARM = Debug|ARM
		Debug|x64 = Debug|x64
		Debug|x86 = Debug|x86
		Release|Any CPU = Release|Any CPU
		Release|ARM = Release|ARM
		Release|x64 = Release|x64
		Release|x86 = Release|x86
	EndGlobalSection
	GlobalSection(ProjectConfigurationPlatforms) = postSolution
		{07229564-C582-4D3A-B07F-767693D1C33E}.Debug|Any CPU.ActiveCfg = Debug|Any CPU
		{07229564-C582-4D3A-B07F-767693D1C33E}.Debug|Any CPU.Build.0 = Debug|Any CPU
		{07229564-C582-4D3A-B07F-767693D1C33E}.Debug|ARM.ActiveCfg = Debug|Any CPU
		{07229564-C582-4D3A-B07F-767693D1C33E}.Debug|ARM.Build.0 = Debug|Any CPU
		{07229564-C582-4D3A-B07F-767693D1C33E}.Debug|x64.ActiveCfg = Debug|Any CPU
		{07229564-C582-4D3A-B07F-767693D1C33E}.Debug|x64.Build.0 = Debug|Any CPU
		{07229564-C582-4D3A-B07F-767693D1C33E}.Debug|x86.ActiveCfg = Debug|Any CPU
		{07229564-C582-4D3A-B07F-767693D1C33E}.Debug|x86.Build.0 = Debug|Any CPU
		{07229564-C582-4D3A-B07F-767693D1C33E}.Release|Any CPU.ActiveCfg = Release|Any CPU
		{07229564-C582-4D3A-B07F-767693D1C33E}.Release|Any CPU.Build.0 = Release|Any CPU
		{07229564-C582-4D3A-B07F-767693D1C33E}.Release|ARM.ActiveCfg = Release|Any CPU
		{07229564-C582-4D3A-B07F-767693D1C33E}.Release|ARM.Build.0 = Release|Any CPU
		{07229564-C582-4D3A-B07F-767693D1C33E}.Release|x64.ActiveCfg = Release|Any CPU
		{07229564-C582-4D3A-B07F-767693D1C33E}.Release|x64.Build.0 = Release|Any CPU
		{07229564-C582-4D3A-B07F-767693D1C33E}.Release|x86.ActiveCfg = Release|Any CPU
		{07229564-C582-4D3A-B07F-767693D1C33E}.Release|x86.Build.0 = Release|Any CPU
		{0C261737-B192-4385-BF60-F6B334167B81}.Debug|Any CPU.ActiveCfg = Debug|Any CPU
		{0C261737-B192-4385-BF60-F6B334167B81}.Debug|Any CPU.Build.0 = Debug|Any CPU
		{0C261737-B192-4385-BF60-F6B334167B81}.Debug|ARM.ActiveCfg = Debug|Any CPU
		{0C261737-B192-4385-BF60-F6B334167B81}.Debug|ARM.Build.0 = Debug|Any CPU
		{0C261737-B192-4385-BF60-F6B334167B81}.Debug|x64.ActiveCfg = Debug|Any CPU
		{0C261737-B192-4385-BF60-F6B334167B81}.Debug|x64.Build.0 = Debug|Any CPU
		{0C261737-B192-4385-BF60-F6B334167B81}.Debug|x86.ActiveCfg = Debug|Any CPU
		{0C261737-B192-4385-BF60-F6B334167B81}.Debug|x86.Build.0 = Debug|Any CPU
		{0C261737-B192-4385-BF60-F6B334167B81}.Release|Any CPU.ActiveCfg = Release|Any CPU
		{0C261737-B192-4385-BF60-F6B334167B81}.Release|Any CPU.Build.0 = Release|Any CPU
		{0C261737-B192-4385-BF60-F6B334167B81}.Release|ARM.ActiveCfg = Release|Any CPU
		{0C261737-B192-4385-BF60-F6B334167B81}.Release|ARM.Build.0 = Release|Any CPU
		{0C261737-B192-4385-BF60-F6B334167B81}.Release|x64.ActiveCfg = Release|Any CPU
		{0C261737-B192-4385-BF60-F6B334167B81}.Release|x64.Build.0 = Release|Any CPU
		{0C261737-B192-4385-BF60-F6B334167B81}.Release|x86.ActiveCfg = Release|Any CPU
		{0C261737-B192-4385-BF60-F6B334167B81}.Release|x86.Build.0 = Release|Any CPU
		{33B21BE6-4CC4-463C-8A35-897550B9EFFB}.Debug|Any CPU.ActiveCfg = Debug|Any CPU
		{33B21BE6-4CC4-463C-8A35-897550B9EFFB}.Debug|Any CPU.Build.0 = Debug|Any CPU
		{33B21BE6-4CC4-463C-8A35-897550B9EFFB}.Debug|ARM.ActiveCfg = Debug|Any CPU
		{33B21BE6-4CC4-463C-8A35-897550B9EFFB}.Debug|ARM.Build.0 = Debug|Any CPU
		{33B21BE6-4CC4-463C-8A35-897550B9EFFB}.Debug|x64.ActiveCfg = Debug|Any CPU
		{33B21BE6-4CC4-463C-8A35-897550B9EFFB}.Debug|x64.Build.0 = Debug|Any CPU
		{33B21BE6-4CC4-463C-8A35-897550B9EFFB}.Debug|x86.ActiveCfg = Debug|Any CPU
		{33B21BE6-4CC4-463C-8A35-897550B9EFFB}.Debug|x86.Build.0 = Debug|Any CPU
		{33B21BE6-4CC4-463C-8A35-897550B9EFFB}.Release|Any CPU.ActiveCfg = Release|Any CPU
		{33B21BE6-4CC4-463C-8A35-897550B9EFFB}.Release|Any CPU.Build.0 = Release|Any CPU
		{33B21BE6-4CC4-463C-8A35-897550B9EFFB}.Release|ARM.ActiveCfg = Release|Any CPU
		{33B21BE6-4CC4-463C-8A35-897550B9EFFB}.Release|ARM.Build.0 = Release|Any CPU
		{33B21BE6-4CC4-463C-8A35-897550B9EFFB}.Release|x64.ActiveCfg = Release|Any CPU
		{33B21BE6-4CC4-463C-8A35-897550B9EFFB}.Release|x64.Build.0 = Release|Any CPU
		{33B21BE6-4CC4-463C-8A35-897550B9EFFB}.Release|x86.ActiveCfg = Release|Any CPU
		{33B21BE6-4CC4-463C-8A35-897550B9EFFB}.Release|x86.Build.0 = Release|Any CPU
		{9F1FDE29-53E5-4B84-8A11-CB8078AF6442}.Debug|Any CPU.ActiveCfg = Debug|Any CPU
		{9F1FDE29-53E5-4B84-8A11-CB8078AF6442}.Debug|Any CPU.Build.0 = Debug|Any CPU
		{9F1FDE29-53E5-4B84-8A11-CB8078AF6442}.Debug|ARM.ActiveCfg = Debug|Any CPU
		{9F1FDE29-53E5-4B84-8A11-CB8078AF6442}.Debug|ARM.Build.0 = Debug|Any CPU
		{9F1FDE29-53E5-4B84-8A11-CB8078AF6442}.Debug|x64.ActiveCfg = Debug|Any CPU
		{9F1FDE29-53E5-4B84-8A11-CB8078AF6442}.Debug|x64.Build.0 = Debug|Any CPU
		{9F1FDE29-53E5-4B84-8A11-CB8078AF6442}.Debug|x86.ActiveCfg = Debug|Any CPU
		{9F1FDE29-53E5-4B84-8A11-CB8078AF6442}.Debug|x86.Build.0 = Debug|Any CPU
		{9F1FDE29-53E5-4B84-8A11-CB8078AF6442}.Release|Any CPU.ActiveCfg = Release|Any CPU
		{9F1FDE29-53E5-4B84-8A11-CB8078AF6442}.Release|Any CPU.Build.0 = Release|Any CPU
		{9F1FDE29-53E5-4B84-8A11-CB8078AF6442}.Release|ARM.ActiveCfg = Release|Any CPU
		{9F1FDE29-53E5-4B84-8A11-CB8078AF6442}.Release|ARM.Build.0 = Release|Any CPU
		{9F1FDE29-53E5-4B84-8A11-CB8078AF6442}.Release|x64.ActiveCfg = Release|Any CPU
		{9F1FDE29-53E5-4B84-8A11-CB8078AF6442}.Release|x64.Build.0 = Release|Any CPU
		{9F1FDE29-53E5-4B84-8A11-CB8078AF6442}.Release|x86.ActiveCfg = Release|Any CPU
		{9F1FDE29-53E5-4B84-8A11-CB8078AF6442}.Release|x86.Build.0 = Release|Any CPU
	EndGlobalSection
	GlobalSection(SolutionProperties) = preSolution
		HideSolutionNode = FALSE
	EndGlobalSection
EndGlobal
